
Microsoft Visual Studio Solution File, Format Version 12.00
# Visual Studio 15
VisualStudioVersion = 15.0.26730.12
MinimumVisualStudioVersion = 10.0.40219.1
Project("{FAE04EC0-301F-11D3-BF4B-00C04F79EFBC}") = "SyntraLib", "SyntraLib\SyntraLib.csproj", "{10663D82-0712-4B28-873E-76DD538BBC05}"
EndProject
Project("{FAE04EC0-301F-11D3-BF4B-00C04F79EFBC}") = "SyntraDesktop", "SyntraDesktop\SyntraDesktop.csproj", "{559197F6-65EB-49E9-AB6F-4059CF5CAA90}"
EndProject
Global
	GlobalSection(SolutionConfigurationPlatforms) = preSolution
		Debug|Any CPU = Debug|Any CPU
		Release|Any CPU = Release|Any CPU
	EndGlobalSection
	GlobalSection(ProjectConfigurationPlatforms) = postSolution
		{10663D82-0712-4B28-873E-76DD538BBC05}.Debug|Any CPU.ActiveCfg = Debug|Any CPU
		{10663D82-0712-4B28-873E-76DD538BBC05}.Debug|Any CPU.Build.0 = Debug|Any CPU
		{10663D82-0712-4B28-873E-76DD538BBC05}.Release|Any CPU.ActiveCfg = Release|Any CPU
		{10663D82-0712-4B28-873E-76DD538BBC05}.Release|Any CPU.Build.0 = Release|Any CPU
		{559197F6-65EB-49E9-AB6F-4059CF5CAA90}.Debug|Any CPU.ActiveCfg = Debug|Any CPU
		{559197F6-65EB-49E9-AB6F-4059CF5CAA90}.Debug|Any CPU.Build.0 = Debug|Any CPU
		{559197F6-65EB-49E9-AB6F-4059CF5CAA90}.Release|Any CPU.ActiveCfg = Release|Any CPU
		{559197F6-65EB-49E9-AB6F-4059CF5CAA90}.Release|Any CPU.Build.0 = Release|Any CPU
	EndGlobalSection
	GlobalSection(SolutionProperties) = preSolution
		HideSolutionNode = FALSE
	EndGlobalSection
	GlobalSection(ExtensibilityGlobals) = postSolution
		SolutionGuid = {0553C97F-83DA-4D37-B682-BE75823FA8E9}
	EndGlobalSection
EndGlobal
